
Microsoft Visual Studio Solution File, Format Version 12.00
# Visual Studio Version 17
VisualStudioVersion = 17.11.35312.102
MinimumVisualStudioVersion = 10.0.40219.1
Project("{FAE04EC0-301F-11D3-BF4B-00C04F79EFBC}") = "WinFormsApp4", "WinFormsApp4\WinFormsApp4.csproj", "{A045237E-C559-41FE-A439-AB094CC3627A}"
EndProject
Global
	GlobalSection(SolutionConfigurationPlatforms) = preSolution
		Debug|Any CPU = Debug|Any CPU
		Release|Any CPU = Release|Any CPU
	EndGlobalSection
	GlobalSection(ProjectConfigurationPlatforms) = postSolution
		{A045237E-C559-41FE-A439-AB094CC3627A}.Debug|Any CPU.ActiveCfg = Debug|Any CPU
		{A045237E-C559-41FE-A439-AB094CC3627A}.Debug|Any CPU.Build.0 = Debug|Any CPU
		{A045237E-C559-41FE-A439-AB094CC3627A}.Release|Any CPU.ActiveCfg = Release|Any CPU
		{A045237E-C559-41FE-A439-AB094CC3627A}.Release|Any CPU.Build.0 = Release|Any CPU
	EndGlobalSection
	GlobalSection(SolutionProperties) = preSolution
		HideSolutionNode = FALSE
	EndGlobalSection
	GlobalSection(ExtensibilityGlobals) = postSolution
		SolutionGuid = {8CBFBB90-8D4D-4692-B41E-E2FE8950A5E9}
	EndGlobalSection
EndGlobal
